<?xml version="1.0" encoding="utf-8"?>
<Project ToolsVersion="4.0" xmlns="http://schemas.microsoft.com/developer/msbuild/2003">
  <ItemGroup>
    <Filter Include="Source Files">
      <UniqueIdentifier>{4FC737F1-C7A5-4376-A066-2A32D752A2FF}</UniqueIdentifier>
      <Extensions>cpp;c;cxx;def;odl;idl;hpj;bat;asm;asmx</Extensions>
    </Filter>
    <Filter Include="Header Files">
      <UniqueIdentifier>{93995380-89BD-4b04-88EB-625FBE52EBFB}</UniqueIdentifier>
      <Extensions>h;hpp;hxx;hm;inl;inc;xsd</Extensions>
    </Filter>
    <Filter Include="Resource Files">
      <UniqueIdentifier>{67DA6AB6-F800-4c08-8B7A-83BB121AAD01}</UniqueIdentifier>
      <Extensions>rc;ico;cur;bmp;dlg;rc2;rct;bin;rgs;gif;jpg;jpeg;jpe;resx</Extensions>
    </Filter>
  </ItemGroup>
  <ItemGroup>
    <ClCompile Include="adjobjs.cpp">
      <Filter>Source Files</Filter>
    </ClCompile>
    <ClCompile Include="arcgeom.cpp">
      <Filter>Source Files</Filter>
    </ClCompile>
    <ClCompile Include="arcisect.cpp">
      <Filter>Source Files</Filter>
    </ClCompile>
    <ClCompile Include="arcutils.cpp">
      <Filter>Source Files</Filter>
    </ClCompile>
    <ClCompile Include="bezier.cpp">
      <Filter>Source Files</Filter>
    </ClCompile>
    <ClCompile Include="bool2d.cpp">
      <Filter>Source Files</Filter>
    </ClCompile>
    <ClCompile Include="boolevents.cpp">
      <Filter>Source Files</Filter>
    </ClCompile>
    <ClCompile Include="boolSetDiff.cpp">
      <Filter>Source Files</Filter>
    </ClCompile>
    <ClCompile Include="boolSetUnion.cpp">
      <Filter>Source Files</Filter>
    </ClCompile>
    <ClCompile Include="bspPolygon.cpp">
      <Filter>Source Files</Filter>
    </ClCompile>
    <ClCompile Include="bspTree.cpp">
      <Filter>Source Files</Filter>
    </ClCompile>
    <ClCompile Include="cadfuncs.cpp">
      <Filter>Source Files</Filter>
    </ClCompile>
    <ClCompile Include="CAM4AXwire.cpp">
      <Filter>Source Files</Filter>
    </ClCompile>
    <ClCompile Include="chaining.cpp">
      <Filter>Source Files</Filter>
    </ClCompile>
    <ClCompile Include="circtan.cpp">
      <Filter>Source Files</Filter>
    </ClCompile>
    <ClCompile Include="clipping.cpp">
      <Filter>Source Files</Filter>
    </ClCompile>
    <ClCompile Include="closestPoints.cpp">
      <Filter>Source Files</Filter>
    </ClCompile>
    <ClCompile Include="convexhull.cpp">
      <Filter>Source Files</Filter>
    </ClCompile>
    <ClCompile Include="crvarea.cpp">
      <Filter>Source Files</Filter>
    </ClCompile>
    <ClCompile Include="crvAreaMoments.cpp">
      <Filter>Source Files</Filter>
    </ClCompile>
    <ClCompile Include="crvboolean.cpp">
      <Filter>Source Files</Filter>
    </ClCompile>
    <ClCompile Include="crvChamfer.cpp">
      <Filter>Source Files</Filter>
    </ClCompile>
    <ClCompile Include="crvcopy.cpp">
      <Filter>Source Files</Filter>
    </ClCompile>
    <ClCompile Include="crvfilter.cpp">
      <Filter>Source Files</Filter>
    </ClCompile>
    <ClCompile Include="crvfllt.cpp">
      <Filter>Source Files</Filter>
    </ClCompile>
    <ClCompile Include="crvfllt3D.cpp">
      <Filter>Source Files</Filter>
    </ClCompile>
    <ClCompile Include="crvgeom.cpp">
      <Filter>Source Files</Filter>
    </ClCompile>
    <ClCompile Include="crvisect.cpp">
      <Filter>Source Files</Filter>
    </ClCompile>
    <ClCompile Include="crvoffst.cpp">
      <Filter>Source Files</Filter>
    </ClCompile>
    <ClCompile Include="crvsynch.cpp">
      <Filter>Source Files</Filter>
    </ClCompile>
    <ClCompile Include="cs_barcodes.cpp">
      <Filter>Source Files</Filter>
    </ClCompile>
    <ClCompile Include="cs_crvgroup.cpp">
      <Filter>Source Files</Filter>
    </ClCompile>
    <ClCompile Include="cs_plane.cpp">
      <Filter>Source Files</Filter>
    </ClCompile>
    <ClCompile Include="cs_polygon.cpp">
      <Filter>Source Files</Filter>
    </ClCompile>
    <ClCompile Include="cs_surffuncs.cpp">
      <Filter>Source Files</Filter>
    </ClCompile>
    <ClCompile Include="curves.cpp">
      <Filter>Source Files</Filter>
    </ClCompile>
    <ClCompile Include="curveset.cpp">
      <Filter>Source Files</Filter>
    </ClCompile>
    <ClCompile Include="evtxover.cpp">
      <Filter>Source Files</Filter>
    </ClCompile>
    <ClCompile Include="fitcircle.cpp">
      <Filter>Source Files</Filter>
    </ClCompile>
    <ClCompile Include="fonts.cpp">
      <Filter>Source Files</Filter>
    </ClCompile>
    <ClCompile Include="gaussj.cpp">
      <Filter>Source Files</Filter>
    </ClCompile>
    <ClCompile Include="geomfuncs.cpp">
      <Filter>Source Files</Filter>
    </ClCompile>
    <ClCompile Include="instersectionSet.cpp">
      <Filter>Source Files</Filter>
    </ClCompile>
    <ClCompile Include="intersection.cpp">
      <Filter>Source Files</Filter>
    </ClCompile>
    <ClCompile Include="isect.cpp">
      <Filter>Source Files</Filter>
    </ClCompile>
    <ClCompile Include="isectrec.cpp">
      <Filter>Source Files</Filter>
    </ClCompile>
    <ClCompile Include="linegeom.cpp">
      <Filter>Source Files</Filter>
    </ClCompile>
    <ClCompile Include="listtest.cpp">
      <Filter>Source Files</Filter>
    </ClCompile>
    <ClCompile Include="machoffset.cpp">
      <Filter>Source Files</Filter>
    </ClCompile>
    <ClCompile Include="mathutls.cpp">
      <Filter>Source Files</Filter>
    </ClCompile>
    <ClCompile Include="matrices.cpp">
      <Filter>Source Files</Filter>
    </ClCompile>
    <ClCompile Include="NMcrvfuncs.cpp">
      <Filter>Source Files</Filter>
    </ClCompile>
    <ClCompile Include="offsovals.cpp">
      <Filter>Source Files</Filter>
    </ClCompile>
    <ClCompile Include="ofsevents.cpp">
      <Filter>Source Files</Filter>
    </ClCompile>
    <ClCompile Include="ofsindex.cpp">
      <Filter>Source Files</Filter>
    </ClCompile>
    <ClCompile Include="oibuildcrvs.cpp">
      <Filter>Source Files</Filter>
    </ClCompile>
    <ClCompile Include="orientCurve.cpp">
      <Filter>Source Files</Filter>
    </ClCompile>
    <ClCompile Include="outerbounds.cpp">
      <Filter>Source Files</Filter>
    </ClCompile>
    <ClCompile Include="pocketing.cpp">
      <Filter>Source Files</Filter>
    </ClCompile>
    <ClCompile Include="points.cpp">
      <Filter>Source Files</Filter>
    </ClCompile>
    <ClCompile Include="points2d.cpp">
      <Filter>Source Files</Filter>
    </ClCompile>
    <ClCompile Include="projections.cpp">
      <Filter>Source Files</Filter>
    </ClCompile>
    <ClCompile Include="QuickSort.cpp">
      <Filter>Source Files</Filter>
    </ClCompile>
    <ClCompile Include="rects.cpp">
      <Filter>Source Files</Filter>
    </ClCompile>
    <ClCompile Include="segments.cpp">
      <Filter>Source Files</Filter>
    </ClCompile>
    <ClCompile Include="shapes.cpp">
      <Filter>Source Files</Filter>
    </ClCompile>
    <ClCompile Include="shapeXForm.cpp">
      <Filter>Source Files</Filter>
    </ClCompile>
    <ClCompile Include="stretch.cpp">
      <Filter>Source Files</Filter>
    </ClCompile>
    <ClCompile Include="strings.cpp">
      <Filter>Source Files</Filter>
    </ClCompile>
    <ClCompile Include="tokens.cpp">
      <Filter>Source Files</Filter>
    </ClCompile>
    <ClCompile Include="trimcrvs.cpp">
      <Filter>Source Files</Filter>
    </ClCompile>
    <ClCompile Include="varoffset.cpp">
      <Filter>Source Files</Filter>
    </ClCompile>
    <ClCompile Include="varofsNM.cpp">
      <Filter>Source Files</Filter>
    </ClCompile>
    <ClCompile Include="vectors.cpp">
      <Filter>Source Files</Filter>
    </ClCompile>
    <ClCompile Include="vectors2d.cpp">
      <Filter>Source Files</Filter>
    </ClCompile>
    <ClCompile Include="xhatching.cpp">
      <Filter>Source Files</Filter>
    </ClCompile>
  </ItemGroup>
  <ItemGroup>
    <ClInclude Include="cs_adjobjs.h">
      <Filter>Header Files</Filter>
    </ClInclude>
    <ClInclude Include="CS_BarCodes.h">
      <Filter>Header Files</Filter>
    </ClInclude>
    <ClInclude Include="cs_bezier.h">
      <Filter>Header Files</Filter>
    </ClInclude>
    <ClInclude Include="cs_booleans.h">
      <Filter>Header Files</Filter>
    </ClInclude>
    <ClInclude Include="cs_bspTree.h">
      <Filter>Header Files</Filter>
    </ClInclude>
    <ClInclude Include="cs_cadfuncs.h">
      <Filter>Header Files</Filter>
    </ClInclude>
    <ClInclude Include="cs_camfuncs.h">
      <Filter>Header Files</Filter>
    </ClInclude>
    <ClInclude Include="cs_chain.h">
      <Filter>Header Files</Filter>
    </ClInclude>
    <ClInclude Include="cs_convexhull.h">
      <Filter>Header Files</Filter>
    </ClInclude>
    <ClInclude Include="cs_crvgroup.h">
      <Filter>Header Files</Filter>
    </ClInclude>
    <ClInclude Include="cs_curves.h">
      <Filter>Header Files</Filter>
    </ClInclude>
    <ClInclude Include="cs_fitcircle.h">
      <Filter>Header Files</Filter>
    </ClInclude>
    <ClInclude Include="cs_fonts.h">
      <Filter>Header Files</Filter>
    </ClInclude>
    <ClInclude Include="cs_geomalgos.h">
      <Filter>Header Files</Filter>
    </ClInclude>
    <ClInclude Include="cs_geomdefs.h">
      <Filter>Header Files</Filter>
    </ClInclude>
    <ClInclude Include="cs_geometry.h">
      <Filter>Header Files</Filter>
    </ClInclude>
    <ClInclude Include="cs_geomutils.h">
      <Filter>Header Files</Filter>
    </ClInclude>
    <ClInclude Include="cs_mathutls.h">
      <Filter>Header Files</Filter>
    </ClInclude>
    <ClInclude Include="cs_matrices.h">
      <Filter>Header Files</Filter>
    </ClInclude>
    <ClInclude Include="cs_nmcurves.h">
      <Filter>Header Files</Filter>
    </ClInclude>
    <ClInclude Include="cs_offset.h">
      <Filter>Header Files</Filter>
    </ClInclude>
    <ClInclude Include="cs_offsoval.h">
      <Filter>Header Files</Filter>
    </ClInclude>
    <ClInclude Include="cs_plane.h">
      <Filter>Header Files</Filter>
    </ClInclude>
    <ClInclude Include="cs_pocketing.h">
      <Filter>Header Files</Filter>
    </ClInclude>
    <ClInclude Include="cs_polygon.h">
      <Filter>Header Files</Filter>
    </ClInclude>
    <ClInclude Include="cs_QuickSort.h">
      <Filter>Header Files</Filter>
    </ClInclude>
    <ClInclude Include="cs_rects.h">
      <Filter>Header Files</Filter>
    </ClInclude>
    <ClInclude Include="cs_shapes.h">
      <Filter>Header Files</Filter>
    </ClInclude>
    <ClInclude Include="cs_tokens.h">
      <Filter>Header Files</Filter>
    </ClInclude>
    <ClInclude Include="cs_varoffset.h">
      <Filter>Header Files</Filter>
    </ClInclude>
    <ClInclude Include="cs_vectors.h">
      <Filter>Header Files</Filter>
    </ClInclude>
    <ClInclude Include="csstrs.h">
      <Filter>Header Files</Filter>
    </ClInclude>
    <ClInclude Include="Disable4786.h">
      <Filter>Header Files</Filter>
    </ClInclude>
    <ClInclude Include="tokens.h">
      <Filter>Header Files</Filter>
    </ClInclude>
  </ItemGroup>
  <ItemGroup>
    <None Include="ReadMe.txt" />
    <None Include="cpybld.bat" />
    <None Include="cpybldd.bat" />
  </ItemGroup>
</Project>