<?xml version="1.0" encoding="utf-8"?>
<Project ToolsVersion="4.0" xmlns="http://schemas.microsoft.com/developer/msbuild/2003">
  <ItemGroup>
    <Filter Include="Header Files">
      <UniqueIdentifier>{50f08608-5003-4000-9ca4-50e466238ba4}</UniqueIdentifier>
    </Filter>
    <Filter Include="Source Files">
      <UniqueIdentifier>{29b72445-747b-4498-b1fc-a4ba5261ccb8}</UniqueIdentifier>
    </Filter>
  </ItemGroup>
  <ItemGroup>
    <ClInclude Include="avltree.h">
      <Filter>Header Files</Filter>
    </ClInclude>
    <ClInclude Include="cs_adjacency.h">
      <Filter>Header Files</Filter>
    </ClInclude>
    <ClInclude Include="cs_endian.h">
      <Filter>Header Files</Filter>
    </ClInclude>
    <ClInclude Include="cs_fileblk.h">
      <Filter>Header Files</Filter>
    </ClInclude>
    <ClInclude Include="cs_filelog.h">
      <Filter>Header Files</Filter>
    </ClInclude>
    <ClInclude Include="cs_params.h">
      <Filter>Header Files</Filter>
    </ClInclude>
    <ClInclude Include="cslib.h">
      <Filter>Header Files</Filter>
    </ClInclude>
    <ClInclude Include="cslists.h">
      <Filter>Header Files</Filter>
    </ClInclude>
    <ClInclude Include="csstring.h">
      <Filter>Header Files</Filter>
    </ClInclude>
    <ClInclude Include="datefunc.h">
      <Filter>Header Files</Filter>
    </ClInclude>
    <ClInclude Include="Disable4786.h">
      <Filter>Header Files</Filter>
    </ClInclude>
    <ClInclude Include="fileparams.h">
      <Filter>Header Files</Filter>
    </ClInclude>
    <ClInclude Include="forkmgr.h">
      <Filter>Header Files</Filter>
    </ClInclude>
    <ClInclude Include="govsupp.h">
      <Filter>Header Files</Filter>
    </ClInclude>
    <ClInclude Include="mtavltree.h">
      <Filter>Header Files</Filter>
    </ClInclude>
    <ClInclude Include="permscombs.h">
      <Filter>Header Files</Filter>
    </ClInclude>
    <ClInclude Include="stacks.h">
      <Filter>Header Files</Filter>
    </ClInclude>
    <ClInclude Include="StdAfx.h">
      <Filter>Header Files</Filter>
    </ClInclude>
    <ClInclude Include="sysProc.h">
      <Filter>Header Files</Filter>
    </ClInclude>
    <ClInclude Include="wrkfuncs.h">
      <Filter>Header Files</Filter>
    </ClInclude>
  </ItemGroup>
  <ItemGroup>
    <ClCompile Include="avltree.cpp">
      <Filter>Source Files</Filter>
    </ClCompile>
    <ClCompile Include="cmdfuncs.cpp">
      <Filter>Source Files</Filter>
    </ClCompile>
    <ClCompile Include="cs_endian.cpp">
      <Filter>Source Files</Filter>
    </ClCompile>
    <ClCompile Include="cs_fileblk.cpp">
      <Filter>Source Files</Filter>
    </ClCompile>
    <ClCompile Include="cs_params.cpp">
      <Filter>Source Files</Filter>
    </ClCompile>
    <ClCompile Include="csstring.cpp">
      <Filter>Source Files</Filter>
    </ClCompile>
    <ClCompile Include="datefunc.cpp">
      <Filter>Source Files</Filter>
    </ClCompile>
    <ClCompile Include="fileparams.cpp">
      <Filter>Source Files</Filter>
    </ClCompile>
    <ClCompile Include="forkmgr.cpp">
      <Filter>Source Files</Filter>
    </ClCompile>
    <ClCompile Include="govsupp.cpp">
      <Filter>Source Files</Filter>
    </ClCompile>
    <ClCompile Include="logFunctions.cpp">
      <Filter>Source Files</Filter>
    </ClCompile>
    <ClCompile Include="StdAfx.cpp">
      <Filter>Source Files</Filter>
    </ClCompile>
    <ClCompile Include="sysProc.cpp">
      <Filter>Source Files</Filter>
    </ClCompile>
    <ClCompile Include="webStringFuncs.cpp">
      <Filter>Source Files</Filter>
    </ClCompile>
    <ClCompile Include="wrkfuncs.cpp">
      <Filter>Source Files</Filter>
    </ClCompile>
  </ItemGroup>
  <ItemGroup>
    <None Include="cpybld.bat" />
    <None Include="cpybldd.bat" />
    <None Include="ReadMe.txt" />
  </ItemGroup>
</Project>