<?xml version="1.0" encoding="utf-8"?>
<Project ToolsVersion="4.0" xmlns="http://schemas.microsoft.com/developer/msbuild/2003">
  <ItemGroup>
    <Filter Include="Source Files">
      <UniqueIdentifier>{4FC737F1-C7A5-4376-A066-2A32D752A2FF}</UniqueIdentifier>
      <Extensions>cpp;c;cxx;def;odl;idl;hpj;bat;asm;asmx</Extensions>
    </Filter>
    <Filter Include="Header Files">
      <UniqueIdentifier>{93995380-89BD-4b04-88EB-625FBE52EBFB}</UniqueIdentifier>
      <Extensions>h;hpp;hxx;hm;inl;inc;xsd</Extensions>
    </Filter>
    <Filter Include="Resource Files">
      <UniqueIdentifier>{67DA6AB6-F800-4c08-8B7A-83BB121AAD01}</UniqueIdentifier>
      <Extensions>rc;ico;cur;bmp;dlg;rc2;rct;bin;rgs;gif;jpg;jpeg;jpe;resx</Extensions>
    </Filter>
  </ItemGroup>
  <ItemGroup>
    <ClCompile Include="caddlg1.cpp">
      <Filter>Source Files</Filter>
    </ClCompile>
    <ClCompile Include="caddlg2.cpp">
      <Filter>Source Files</Filter>
    </ClCompile>
    <ClCompile Include="CADupdate.cpp">
      <Filter>Source Files</Filter>
    </ClCompile>
    <ClCompile Include="CADupdateDlg.cpp">
      <Filter>Source Files</Filter>
    </ClCompile>
    <ClCompile Include="stdafx.cpp">
      <Filter>Source Files</Filter>
    </ClCompile>
    <ClCompile Include="sqlQueryCAD.cpp">
      <Filter>Source Files</Filter>
    </ClCompile>
  </ItemGroup>
  <ItemGroup>
    <ClInclude Include="CADupdate.h">
      <Filter>Header Files</Filter>
    </ClInclude>
    <ClInclude Include="CADupdateDlg.h">
      <Filter>Header Files</Filter>
    </ClInclude>
    <ClInclude Include="CMSdata.h">
      <Filter>Header Files</Filter>
    </ClInclude>
    <ClInclude Include="stdafx.h">
      <Filter>Header Files</Filter>
    </ClInclude>
  </ItemGroup>
  <ItemGroup>
    <None Include="res\CADupdate.ico">
      <Filter>Resource Files</Filter>
    </None>
    <None Include="res\CADupdate.rc2">
      <Filter>Resource Files</Filter>
    </None>
    <None Include="CADUpdate.cfg" />
    <None Include="ReadMe.txt" />
    <None Include="CMScfg.INI" />
    <None Include="EXCORouting.txt" />
    <None Include="timeMap.txt" />
    <None Include="RoutingUpdateSample.dat" />
    <None Include="Infor.txt" />
    <None Include="testinput.txt" />
  </ItemGroup>
  <ItemGroup>
    <ResourceCompile Include="CADupdate.rc">
      <Filter>Resource Files</Filter>
    </ResourceCompile>
  </ItemGroup>
  <ItemGroup>
    <CustomBuild Include="Resource.h">
      <Filter>Header Files</Filter>
    </CustomBuild>
  </ItemGroup>
</Project>