<?xml version="1.0" encoding="utf-8"?>
<Project ToolsVersion="4.0" xmlns="http://schemas.microsoft.com/developer/msbuild/2003">
  <ItemGroup>
    <Filter Include="Source Files">
      <UniqueIdentifier>{4FC737F1-C7A5-4376-A066-2A32D752A2FF}</UniqueIdentifier>
      <Extensions>cpp;c;cxx;def;odl;idl;hpj;bat;asm;asmx</Extensions>
    </Filter>
    <Filter Include="Header Files">
      <UniqueIdentifier>{93995380-89BD-4b04-88EB-625FBE52EBFB}</UniqueIdentifier>
      <Extensions>h;hpp;hxx;hm;inl;inc;xsd</Extensions>
    </Filter>
    <Filter Include="Resource Files">
      <UniqueIdentifier>{67DA6AB6-F800-4c08-8B7A-83BB121AAD01}</UniqueIdentifier>
      <Extensions>rc;ico;cur;bmp;dlg;rc2;rct;bin;rgs;gif;jpg;jpeg;jpe;resx</Extensions>
    </Filter>
  </ItemGroup>
  <ItemGroup>
    <ClCompile Include="batchDB.cpp">
      <Filter>Source Files</Filter>
    </ClCompile>
    <ClCompile Include="batchFuncs.cpp">
      <Filter>Source Files</Filter>
    </ClCompile>
    <ClCompile Include="batchSup.cpp">
      <Filter>Source Files</Filter>
    </ClCompile>
    <ClCompile Include="BatchUPD.cpp">
      <Filter>Source Files</Filter>
    </ClCompile>
    <ClCompile Include="BatchUPDDlg.cpp">
      <Filter>Source Files</Filter>
    </ClCompile>
    <ClCompile Include="EditGrid.cpp">
      <Filter>Source Files</Filter>
    </ClCompile>
    <ClCompile Include="EditWnd.cpp">
      <Filter>Source Files</Filter>
    </ClCompile>
    <ClCompile Include="masterFuncs.cpp">
      <Filter>Source Files</Filter>
    </ClCompile>
    <ClCompile Include="masterList.cpp">
      <Filter>Source Files</Filter>
    </ClCompile>
    <ClCompile Include="msflexgrid1.cpp">
      <Filter>Source Files</Filter>
    </ClCompile>
    <ClCompile Include="stdafx.cpp">
      <Filter>Source Files</Filter>
    </ClCompile>
    <ClCompile Include="decadeTasks.cpp">
      <Filter>Source Files</Filter>
    </ClCompile>
  </ItemGroup>
  <ItemGroup>
    <ClInclude Include="batchsup.h">
      <Filter>Header Files</Filter>
    </ClInclude>
    <ClInclude Include="BatchUPD.h">
      <Filter>Header Files</Filter>
    </ClInclude>
    <ClInclude Include="BatchUPDDlg.h">
      <Filter>Header Files</Filter>
    </ClInclude>
    <ClInclude Include="EditGrid.h">
      <Filter>Header Files</Filter>
    </ClInclude>
    <ClInclude Include="EditWnd.h">
      <Filter>Header Files</Filter>
    </ClInclude>
    <ClInclude Include="msflexgrid1.h">
      <Filter>Header Files</Filter>
    </ClInclude>
    <ClInclude Include="Resource.h">
      <Filter>Header Files</Filter>
    </ClInclude>
    <ClInclude Include="stdafx.h">
      <Filter>Header Files</Filter>
    </ClInclude>
  </ItemGroup>
  <ItemGroup>
    <None Include="res\BatchUPD.ico">
      <Filter>Resource Files</Filter>
    </None>
    <None Include="res\BatchUPD.rc2">
      <Filter>Resource Files</Filter>
    </None>
    <None Include="Batch_FlatFile_Format.txt" />
    <None Include="batchupd.ini" />
    <None Include="ReadMe.txt" />
    <None Include="TaskMap.txt" />
    <None Include="CMScfg.INI" />
  </ItemGroup>
  <ItemGroup>
    <ResourceCompile Include="BatchUPD.rc">
      <Filter>Resource Files</Filter>
    </ResourceCompile>
  </ItemGroup>
  <ItemGroup>
    <Manifest Include="res\BatchUPD.manifest" />
  </ItemGroup>
</Project>