<?xml version="1.0" encoding="utf-8"?>
<Project ToolsVersion="4.0" xmlns="http://schemas.microsoft.com/developer/msbuild/2003">
  <ItemGroup>
    <ClCompile Include="batchRecs.cpp">
      <Filter>Source Files</Filter>
    </ClCompile>
    <ClCompile Include="CMSBOMRTE.cpp">
      <Filter>Source Files</Filter>
    </ClCompile>
    <ClCompile Include="CMSEvents.cpp">
      <Filter>Source Files</Filter>
    </ClCompile>
    <ClCompile Include="CMSEventStatus.cpp">
      <Filter>Source Files</Filter>
    </ClCompile>
    <ClCompile Include="CMSinventory.cpp">
      <Filter>Source Files</Filter>
    </ClCompile>
    <ClCompile Include="CMSrecLookup.cpp">
      <Filter>Source Files</Filter>
    </ClCompile>
    <ClCompile Include="CMSrouting.cpp">
      <Filter>Source Files</Filter>
    </ClCompile>
    <ClCompile Include="CMSsupport.cpp">
      <Filter>Source Files</Filter>
    </ClCompile>
    <ClCompile Include="CMStasks.cpp">
      <Filter>Source Files</Filter>
    </ClCompile>
    <ClCompile Include="FlatFile.cpp">
      <Filter>Source Files</Filter>
    </ClCompile>
    <ClCompile Include="IBMcommands.cpp">
      <Filter>Source Files</Filter>
    </ClCompile>
    <ClCompile Include="IBMDataQ.cpp">
      <Filter>Source Files</Filter>
    </ClCompile>
    <ClCompile Include="Log.cpp">
      <Filter>Source Files</Filter>
    </ClCompile>
    <ClCompile Include="jobFuncs.cpp">
      <Filter>Source Files</Filter>
    </ClCompile>
    <ClCompile Include="timeUpdates.cpp">
      <Filter>Source Files</Filter>
    </ClCompile>
    <ClCompile Include="stdafx.cpp">
      <Filter>Source Files</Filter>
    </ClCompile>
  </ItemGroup>
  <ItemGroup>
    <ClInclude Include="batchData.h">
      <Filter>Header Files</Filter>
    </ClInclude>
    <ClInclude Include="CMSBOMRTE.h">
      <Filter>Header Files</Filter>
    </ClInclude>
    <ClInclude Include="CMSDatabase.h">
      <Filter>Header Files</Filter>
    </ClInclude>
    <ClInclude Include="FlatFile.h">
      <Filter>Header Files</Filter>
    </ClInclude>
    <ClInclude Include="Log.h">
      <Filter>Header Files</Filter>
    </ClInclude>
    <ClInclude Include="routeUpdDef.h">
      <Filter>Header Files</Filter>
    </ClInclude>
    <ClInclude Include="stdafx.h">
      <Filter>Header Files</Filter>
    </ClInclude>
  </ItemGroup>
  <ItemGroup>
    <None Include="CMS_OperationCodes.txt" />
    <None Include="decade_taskmap.txt" />
    <None Include="feature_And_options.txt" />
    <None Include="ReadMe.txt" />
    <None Include="SF223WF_dataQ_Header.txt" />
    <None Include="SF4005W_DataQ.txt" />
    <None Include="stationmap.txt" />
    <None Include="timeMap.txt" />
    <None Include="cpybld.bat" />
    <None Include="cpybldd.bat" />
  </ItemGroup>
  <ItemGroup>
    <Filter Include="Header Files">
      <UniqueIdentifier>{9b566824-f1b7-405b-8bb7-9e0de9870756}</UniqueIdentifier>
    </Filter>
    <Filter Include="Source Files">
      <UniqueIdentifier>{242e96d5-aae1-4de9-8323-057228d23ff0}</UniqueIdentifier>
    </Filter>
  </ItemGroup>
</Project>